// !$*UTF8*$!
{
	archiveVersion = 1;
	classes = {
	};
	objectVersion = 46;
	objects = {

/* Begin PBXBuildFile section */
		3A8EE760D5134F3A7CA8EFAB /* Pods.framework in Frameworks */ = {isa = PBXBuildFile; fileRef = AD5C79F0F2577ED046F99811 /* Pods.framework */; };
		A1E69B691BCDB5420063000C /* GIFViewController.swift in Sources */ = {isa = PBXBuildFile; fileRef = A1E69B681BCDB5420063000C /* GIFViewController.swift */; };
		A1ED62CE1BCCF4F900289592 /* AppDelegate.swift in Sources */ = {isa = PBXBuildFile; fileRef = A1ED62CD1BCCF4F900289592 /* AppDelegate.swift */; };
		A1ED62D01BCCF4F900289592 /* ViewController.swift in Sources */ = {isa = PBXBuildFile; fileRef = A1ED62CF1BCCF4F900289592 /* ViewController.swift */; };
		A1ED62D51BCCF4F900289592 /* Assets.xcassets in Resources */ = {isa = PBXBuildFile; fileRef = A1ED62D41BCCF4F900289592 /* Assets.xcassets */; };
		A1ED62E21BCCF56100289592 /* GIFication.swift in Sources */ = {isa = PBXBuildFile; fileRef = A1ED62E11BCCF56100289592 /* GIFication.swift */; };
		A1ED62E31BCCF70500289592 /* LaunchScreen.storyboard in Resources */ = {isa = PBXBuildFile; fileRef = A1ED62D61BCCF4F900289592 /* LaunchScreen.storyboard */; };
		A1ED62E51BCCFA4A00289592 /* ImageCell.swift in Sources */ = {isa = PBXBuildFile; fileRef = A1ED62E41BCCFA4A00289592 /* ImageCell.swift */; };
/* End PBXBuildFile section */

/* Begin PBXFileReference section */
		0BC0627F4991C9F7B9D2105E /* Pods.release.xcconfig */ = {isa = PBXFileReference; includeInIndex = 1; lastKnownFileType = text.xcconfig; name = Pods.release.xcconfig; path = "Pods/Target Support Files/Pods/Pods.release.xcconfig"; sourceTree = "<group>"; };
		A1E69B681BCDB5420063000C /* GIFViewController.swift */ = {isa = PBXFileReference; fileEncoding = 4; lastKnownFileType = sourcecode.swift; path = GIFViewController.swift; sourceTree = "<group>"; };
		A1ED62CA1BCCF4F900289592 /* LiveGIFs.app */ = {isa = PBXFileReference; explicitFileType = wrapper.application; includeInIndex = 0; path = LiveGIFs.app; sourceTree = BUILT_PRODUCTS_DIR; };
		A1ED62CD1BCCF4F900289592 /* AppDelegate.swift */ = {isa = PBXFileReference; lastKnownFileType = sourcecode.swift; path = AppDelegate.swift; sourceTree = "<group>"; };
		A1ED62CF1BCCF4F900289592 /* ViewController.swift */ = {isa = PBXFileReference; lastKnownFileType = sourcecode.swift; path = ViewController.swift; sourceTree = "<group>"; };
		A1ED62D41BCCF4F900289592 /* Assets.xcassets */ = {isa = PBXFileReference; lastKnownFileType = folder.assetcatalog; path = Assets.xcassets; sourceTree = "<group>"; };
		A1ED62D71BCCF4F900289592 /* Base */ = {isa = PBXFileReference; lastKnownFileType = file.storyboard; name = Base; path = Base.lproj/LaunchScreen.storyboard; sourceTree = "<group>"; };
		A1ED62D91BCCF4F900289592 /* Info.plist */ = {isa = PBXFileReference; lastKnownFileType = text.plist.xml; path = Info.plist; sourceTree = "<group>"; };
		A1ED62E11BCCF56100289592 /* GIFication.swift */ = {isa = PBXFileReference; fileEncoding = 4; lastKnownFileType = sourcecode.swift; path = GIFication.swift; sourceTree = "<group>"; };
		A1ED62E41BCCFA4A00289592 /* ImageCell.swift */ = {isa = PBXFileReference; fileEncoding = 4; lastKnownFileType = sourcecode.swift; path = ImageCell.swift; sourceTree = "<group>"; };
		AC0171701B98A21991B0794B /* Pods.debug.xcconfig */ = {isa = PBXFileReference; includeInIndex = 1; lastKnownFileType = text.xcconfig; name = Pods.debug.xcconfig; path = "Pods/Target Support Files/Pods/Pods.debug.xcconfig"; sourceTree = "<group>"; };
		AD5C79F0F2577ED046F99811 /* Pods.framework */ = {isa = PBXFileReference; explicitFileType = wrapper.framework; includeInIndex = 0; path = Pods.framework; sourceTree = BUILT_PRODUCTS_DIR; };
/* End PBXFileReference section */

/* Begin PBXFrameworksBuildPhase section */
		A1ED62C71BCCF4F800289592 /* Frameworks */ = {
			isa = PBXFrameworksBuildPhase;
			buildActionMask = 2147483647;
			files = (
				3A8EE760D5134F3A7CA8EFAB /* Pods.framework in Frameworks */,
			);
			runOnlyForDeploymentPostprocessing = 0;
		};
/* End PBXFrameworksBuildPhase section */

/* Begin PBXGroup section */
		36FA80591C05CB70456918C6 /* Pods */ = {
			isa = PBXGroup;
			children = (
				AC0171701B98A21991B0794B /* Pods.debug.xcconfig */,
				0BC0627F4991C9F7B9D2105E /* Pods.release.xcconfig */,
			);
			name = Pods;
			sourceTree = "<group>";
		};
		744F81C6A648D41AC6A61259 /* Frameworks */ = {
			isa = PBXGroup;
			children = (
				AD5C79F0F2577ED046F99811 /* Pods.framework */,
			);
			name = Frameworks;
			sourceTree = "<group>";
		};
		A1ED62C11BCCF4F800289592 = {
			isa = PBXGroup;
			children = (
				A1ED62CC1BCCF4F900289592 /* Code */,
				744F81C6A648D41AC6A61259 /* Frameworks */,
				36FA80591C05CB70456918C6 /* Pods */,
				A1ED62CB1BCCF4F900289592 /* Products */,
				A1ED62DF1BCCF51000289592 /* Resources */,
				A1ED62E01BCCF51500289592 /* Supporting Files */,
			);
			sourceTree = "<group>";
		};
		A1ED62CB1BCCF4F900289592 /* Products */ = {
			isa = PBXGroup;
			children = (
				A1ED62CA1BCCF4F900289592 /* LiveGIFs.app */,
			);
			name = Products;
			sourceTree = "<group>";
		};
		A1ED62CC1BCCF4F900289592 /* Code */ = {
			isa = PBXGroup;
			children = (
				A1ED62CD1BCCF4F900289592 /* AppDelegate.swift */,
				A1ED62E11BCCF56100289592 /* GIFication.swift */,
				A1E69B681BCDB5420063000C /* GIFViewController.swift */,
				A1ED62E41BCCFA4A00289592 /* ImageCell.swift */,
				A1ED62CF1BCCF4F900289592 /* ViewController.swift */,
			);
			path = Code;
			sourceTree = "<group>";
		};
		A1ED62DF1BCCF51000289592 /* Resources */ = {
			isa = PBXGroup;
			children = (
				A1ED62D41BCCF4F900289592 /* Assets.xcassets */,
				A1ED62D61BCCF4F900289592 /* LaunchScreen.storyboard */,
			);
			path = Resources;
			sourceTree = "<group>";
		};
		A1ED62E01BCCF51500289592 /* Supporting Files */ = {
			isa = PBXGroup;
			children = (
				A1ED62D91BCCF4F900289592 /* Info.plist */,
			);
			path = "Supporting Files";
			sourceTree = "<group>";
		};
/* End PBXGroup section */

/* Begin PBXNativeTarget section */
		A1ED62C91BCCF4F800289592 /* LiveGIFs */ = {
			isa = PBXNativeTarget;
			buildConfigurationList = A1ED62DC1BCCF4F900289592 /* Build configuration list for PBXNativeTarget "LiveGIFs" */;
			buildPhases = (
				A1ED62C61BCCF4F800289592 /* Sources */,
				A1ED62C71BCCF4F800289592 /* Frameworks */,
				A1ED62C81BCCF4F800289592 /* Resources */,
				6DB463CB3DA0BBDBD85512D8 /* Embed Pods Frameworks */,
			);
			buildRules = (
			);
			dependencies = (
			);
			name = LiveGIFs;
			productName = LiveGIFs;
			productReference = A1ED62CA1BCCF4F900289592 /* LiveGIFs.app */;
			productType = "com.apple.product-type.application";
		};
/* End PBXNativeTarget section */

/* Begin PBXProject section */
		A1ED62C21BCCF4F800289592 /* Project object */ = {
			isa = PBXProject;
			attributes = {
				LastUpgradeCheck = 0700;
				ORGANIZATIONNAME = "Boris Bügling";
				TargetAttributes = {
					A1ED62C91BCCF4F800289592 = {
						CreatedOnToolsVersion = 7.0.1;
						DevelopmentTeam = RWJ5E97L7R;
					};
				};
			};
			buildConfigurationList = A1ED62C51BCCF4F800289592 /* Build configuration list for PBXProject "LiveGIFs" */;
			compatibilityVersion = "Xcode 3.2";
			developmentRegion = English;
			hasScannedForEncodings = 0;
			knownRegions = (
				en,
				Base,
			);
			mainGroup = A1ED62C11BCCF4F800289592;
			productRefGroup = A1ED62CB1BCCF4F900289592 /* Products */;
			projectDirPath = "";
			projectRoot = "";
			targets = (
				A1ED62C91BCCF4F800289592 /* LiveGIFs */,
			);
		};
/* End PBXProject section */

/* Begin PBXResourcesBuildPhase section */
		A1ED62C81BCCF4F800289592 /* Resources */ = {
			isa = PBXResourcesBuildPhase;
			buildActionMask = 2147483647;
			files = (
				A1ED62E31BCCF70500289592 /* LaunchScreen.storyboard in Resources */,
				A1ED62D51BCCF4F900289592 /* Assets.xcassets in Resources */,
			);
			runOnlyForDeploymentPostprocessing = 0;
		};
/* End PBXResourcesBuildPhase section */

/* Begin PBXShellScriptBuildPhase section */
		6DB463CB3DA0BBDBD85512D8 /* Embed Pods Frameworks */ = {
			isa = PBXShellScriptBuildPhase;
			buildActionMask = 2147483647;
			files = (
			);
			inputPaths = (
			);
			name = "Embed Pods Frameworks";
			outputPaths = (
			);
			runOnlyForDeploymentPostprocessing = 0;
			shellPath = /bin/sh;
			shellScript = "\"${SRCROOT}/Pods/Target Support Files/Pods/Pods-frameworks.sh\"\n";
			showEnvVarsInLog = 0;
		};
/* End PBXShellScriptBuildPhase section */

/* Begin PBXSourcesBuildPhase section */
		A1ED62C61BCCF4F800289592 /* Sources */ = {
			isa = PBXSourcesBuildPhase;
			buildActionMask = 2147483647;
			files = (
				A1E69B691BCDB5420063000C /* GIFViewController.swift in Sources */,
				A1ED62E21BCCF56100289592 /* GIFication.swift in Sources */,
				A1ED62E51BCCFA4A00289592 /* ImageCell.swift in Sources */,
				A1ED62D01BCCF4F900289592 /* ViewController.swift in Sources */,
				A1ED62CE1BCCF4F900289592 /* AppDelegate.swift in Sources */,
			);
			runOnlyForDeploymentPostprocessing = 0;
		};
/* End PBXSourcesBuildPhase section */

/* Begin PBXVariantGroup section */
		A1ED62D61BCCF4F900289592 /* LaunchScreen.storyboard */ = {
			isa = PBXVariantGroup;
			children = (
				A1ED62D71BCCF4F900289592 /* Base */,
			);
			name = LaunchScreen.storyboard;
			sourceTree = "<group>";
		};
/* End PBXVariantGroup section */

/* Begin XCBuildConfiguration section */
		A1ED62DA1BCCF4F900289592 /* Debug */ = {
			isa = XCBuildConfiguration;
			buildSettings = {
				ALWAYS_SEARCH_USER_PATHS = NO;
				CLANG_CXX_LANGUAGE_STANDARD = "gnu++0x";
				CLANG_CXX_LIBRARY = "libc++";
				CLANG_ENABLE_MODULES = YES;
				CLANG_ENABLE_OBJC_ARC = YES;
				CLANG_WARN_BOOL_CONVERSION = YES;
				CLANG_WARN_CONSTANT_CONVERSION = YES;
				CLANG_WARN_DIRECT_OBJC_ISA_USAGE = YES_ERROR;
				CLANG_WARN_EMPTY_BODY = YES;
				CLANG_WARN_ENUM_CONVERSION = YES;
				CLANG_WARN_INT_CONVERSION = YES;
				CLANG_WARN_OBJC_ROOT_CLASS = YES_ERROR;
				CLANG_WARN_UNREACHABLE_CODE = YES;
				CLANG_WARN__DUPLICATE_METHOD_MATCH = YES;
				"CODE_SIGN_IDENTITY[sdk=iphoneos*]" = "iPhone Developer";
				COPY_PHASE_STRIP = NO;
				DEBUG_INFORMATION_FORMAT = dwarf;
				ENABLE_STRICT_OBJC_MSGSEND = YES;
				ENABLE_TESTABILITY = YES;
				GCC_C_LANGUAGE_STANDARD = gnu99;
				GCC_DYNAMIC_NO_PIC = NO;
				GCC_NO_COMMON_BLOCKS = YES;
				GCC_OPTIMIZATION_LEVEL = 0;
				GCC_PREPROCESSOR_DEFINITIONS = (
					"DEBUG=1",
					"$(inherited)",
				);
				GCC_WARN_64_TO_32_BIT_CONVERSION = YES;
				GCC_WARN_ABOUT_RETURN_TYPE = YES_ERROR;
				GCC_WARN_UNDECLARED_SELECTOR = YES;
				GCC_WARN_UNINITIALIZED_AUTOS = YES_AGGRESSIVE;
				GCC_WARN_UNUSED_FUNCTION = YES;
				GCC_WARN_UNUSED_VARIABLE = YES;
				IPHONEOS_DEPLOYMENT_TARGET = 9.1;
				MTL_ENABLE_DEBUG_INFO = YES;
				ONLY_ACTIVE_ARCH = YES;
				SDKROOT = iphoneos;
				SWIFT_OPTIMIZATION_LEVEL = "-Onone";
			};
			name = Debug;
		};
		A1ED62DB1BCCF4F900289592 /* Release */ = {
			isa = XCBuildConfiguration;
			buildSettings = {
				ALWAYS_SEARCH_USER_PATHS = NO;
				CLANG_CXX_LANGUAGE_STANDARD = "gnu++0x";
				CLANG_CXX_LIBRARY = "libc++";
				CLANG_ENABLE_MODULES = YES;
				CLANG_ENABLE_OBJC_ARC = YES;
				CLANG_WARN_BOOL_CONVERSION = YES;
				CLANG_WARN_CONSTANT_CONVERSION = YES;
				CLANG_WARN_DIRECT_OBJC_ISA_USAGE = YES_ERROR;
				CLANG_WARN_EMPTY_BODY = YES;
				CLANG_WARN_ENUM_CONVERSION = YES;
				CLANG_WARN_INT_CONVERSION = YES;
				CLANG_WARN_OBJC_ROOT_CLASS = YES_ERROR;
				CLANG_WARN_UNREACHABLE_CODE = YES;
				CLANG_WARN__DUPLICATE_METHOD_MATCH = YES;
				"CODE_SIGN_IDENTITY[sdk=iphoneos*]" = "iPhone Developer";
				COPY_PHASE_STRIP = NO;
				DEBUG_INFORMATION_FORMAT = "dwarf-with-dsym";
				ENABLE_NS_ASSERTIONS = NO;
				ENABLE_STRICT_OBJC_MSGSEND = YES;
				GCC_C_LANGUAGE_STANDARD = gnu99;
				GCC_NO_COMMON_BLOCKS = YES;
				GCC_WARN_64_TO_32_BIT_CONVERSION = YES;
				GCC_WARN_ABOUT_RETURN_TYPE = YES_ERROR;
				GCC_WARN_UNDECLARED_SELECTOR = YES;
				GCC_WARN_UNINITIALIZED_AUTOS = YES_AGGRESSIVE;
				GCC_WARN_UNUSED_FUNCTION = YES;
				GCC_WARN_UNUSED_VARIABLE = YES;
				IPHONEOS_DEPLOYMENT_TARGET = 9.1;
				MTL_ENABLE_DEBUG_INFO = NO;
				SDKROOT = iphoneos;
				VALIDATE_PRODUCT = YES;
			};
			name = Release;
		};
		A1ED62DD1BCCF4F900289592 /* Debug */ = {
			isa = XCBuildConfiguration;
			baseConfigurationReference = AC0171701B98A21991B0794B /* Pods.debug.xcconfig */;
			buildSettings = {
				ASSETCATALOG_COMPILER_APPICON_NAME = AppIcon;
				CODE_SIGN_IDENTITY = "iPhone Developer";
				"CODE_SIGN_IDENTITY[sdk=iphoneos*]" = "iPhone Developer";
				INFOPLIST_FILE = "$(SRCROOT)/Supporting Files/Info.plist";
				LD_RUNPATH_SEARCH_PATHS = "$(inherited) @executable_path/Frameworks";
				PRODUCT_BUNDLE_IDENTIFIER = org.vu0.LiveGIFs;
				PRODUCT_NAME = "$(TARGET_NAME)";
				PROVISIONING_PROFILE = "";
			};
			name = Debug;
		};
		A1ED62DE1BCCF4F900289592 /* Release */ = {
			isa = XCBuildConfiguration;
			baseConfigurationReference = 0BC0627F4991C9F7B9D2105E /* Pods.release.xcconfig */;
			buildSettings = {
				ASSETCATALOG_COMPILER_APPICON_NAME = AppIcon;
				CODE_SIGN_IDENTITY = "iPhone Developer";
				"CODE_SIGN_IDENTITY[sdk=iphoneos*]" = "iPhone Developer";
				INFOPLIST_FILE = "$(SRCROOT)/Supporting Files/Info.plist";
				LD_RUNPATH_SEARCH_PATHS = "$(inherited) @executable_path/Frameworks";
				PRODUCT_BUNDLE_IDENTIFIER = org.vu0.LiveGIFs;
				PRODUCT_NAME = "$(TARGET_NAME)";
				PROVISIONING_PROFILE = "";
			};
			name = Release;
		};
/* End XCBuildConfiguration section */

/* Begin XCConfigurationList section */
		A1ED62C51BCCF4F800289592 /* Build configuration list for PBXProject "LiveGIFs" */ = {
			isa = XCConfigurationList;
			buildConfigurations = (
				A1ED62DA1BCCF4F900289592 /* Debug */,
				A1ED62DB1BCCF4F900289592 /* Release */,
			);
			defaultConfigurationIsVisible = 0;
			defaultConfigurationName = Release;
		};
		A1ED62DC1BCCF4F900289592 /* Build configuration list for PBXNativeTarget "LiveGIFs" */ = {
			isa = XCConfigurationList;
			buildConfigurations = (
				A1ED62DD1BCCF4F900289592 /* Debug */,
				A1ED62DE1BCCF4F900289592 /* Release */,
			);
			defaultConfigurationIsVisible = 0;
			defaultConfigurationName = Release;
		};
/* End XCConfigurationList section */
	};
	rootObject = A1ED62C21BCCF4F800289592 /* Project object */;
}
